
Microsoft Visual Studio Solution File, Format Version 12.00
# Visual Studio Version 16
VisualStudioVersion = 16.0.32002.261
MinimumVisualStudioVersion = 10.0.40219.1
Project("{FAE04EC0-301F-11D3-BF4B-00C04F79EFBC}") = "vagtplan", "vagtplan\vagtplan.csproj", "{502BA1F3-954E-48A4-A468-A3A9FA9BD4A6}"
EndProject
Project("{FAE04EC0-301F-11D3-BF4B-00C04F79EFBC}") = "WineCooler", "WineCooler\WineCooler.csproj", "{C0B5A00E-47D9-427D-8EB4-9CBE9FE50633}"
EndProject
Global
	GlobalSection(SolutionConfigurationPlatforms) = preSolution
		Debug|Any CPU = Debug|Any CPU
		Release|Any CPU = Release|Any CPU
	EndGlobalSection
	GlobalSection(ProjectConfigurationPlatforms) = postSolution
		{502BA1F3-954E-48A4-A468-A3A9FA9BD4A6}.Debug|Any CPU.ActiveCfg = Debug|Any CPU
		{502BA1F3-954E-48A4-A468-A3A9FA9BD4A6}.Debug|Any CPU.Build.0 = Debug|Any CPU
		{502BA1F3-954E-48A4-A468-A3A9FA9BD4A6}.Release|Any CPU.ActiveCfg = Release|Any CPU
		{502BA1F3-954E-48A4-A468-A3A9FA9BD4A6}.Release|Any CPU.Build.0 = Release|Any CPU
		{C0B5A00E-47D9-427D-8EB4-9CBE9FE50633}.Debug|Any CPU.ActiveCfg = Debug|Any CPU
		{C0B5A00E-47D9-427D-8EB4-9CBE9FE50633}.Debug|Any CPU.Build.0 = Debug|Any CPU
		{C0B5A00E-47D9-427D-8EB4-9CBE9FE50633}.Release|Any CPU.ActiveCfg = Release|Any CPU
		{C0B5A00E-47D9-427D-8EB4-9CBE9FE50633}.Release|Any CPU.Build.0 = Release|Any CPU
	EndGlobalSection
	GlobalSection(SolutionProperties) = preSolution
		HideSolutionNode = FALSE
	EndGlobalSection
	GlobalSection(ExtensibilityGlobals) = postSolution
		SolutionGuid = {A7C0E32A-9E30-4143-9CD5-571B2E4A3259}
	EndGlobalSection
EndGlobal
